// !$*UTF8*$!
{
	archiveVersion = 1;
	classes = {
	};
	objectVersion = 46;
	objects = {

/* Begin PBXBuildFile section */
		0E76BBEA14DACCBC001C62F9 /* UIKit.framework in Frameworks */ = {isa = PBXBuildFile; fileRef = 0E76BBE914DACCBC001C62F9 /* UIKit.framework */; };
		0E76BBEC14DACCBC001C62F9 /* Foundation.framework in Frameworks */ = {isa = PBXBuildFile; fileRef = 0E76BBEB14DACCBC001C62F9 /* Foundation.framework */; };
		0E76BBEE14DACCBC001C62F9 /* CoreGraphics.framework in Frameworks */ = {isa = PBXBuildFile; fileRef = 0E76BBED14DACCBC001C62F9 /* CoreGraphics.framework */; };
		0E76BBF414DACCBC001C62F9 /* InfoPlist.strings in Resources */ = {isa = PBXBuildFile; fileRef = 0E76BBF214DACCBC001C62F9 /* InfoPlist.strings */; };
		0E76BBF614DACCBC001C62F9 /* main.m in Sources */ = {isa = PBXBuildFile; fileRef = 0E76BBF514DACCBC001C62F9 /* main.m */; };
		0E76BBFA14DACCBC001C62F9 /* MagicSoundAppDelegate.m in Sources */ = {isa = PBXBuildFile; fileRef = 0E76BBF914DACCBC001C62F9 /* MagicSoundAppDelegate.m */; };
		0E76BBFD14DACCBC001C62F9 /* MagicSoundViewController.m in Sources */ = {isa = PBXBuildFile; fileRef = 0E76BBFC14DACCBC001C62F9 /* MagicSoundViewController.m */; };
		0E76BC0014DACCBC001C62F9 /* MagicSoundViewController_iPhone.xib in Resources */ = {isa = PBXBuildFile; fileRef = 0E76BBFE14DACCBC001C62F9 /* MagicSoundViewController_iPhone.xib */; };
		0E76BC0314DACCBC001C62F9 /* MagicSoundViewController_iPad.xib in Resources */ = {isa = PBXBuildFile; fileRef = 0E76BC0114DACCBC001C62F9 /* MagicSoundViewController_iPad.xib */; };
/* End PBXBuildFile section */

/* Begin PBXFileReference section */
		0E76BBE514DACCBC001C62F9 /* MagicSound.app */ = {isa = PBXFileReference; explicitFileType = wrapper.application; includeInIndex = 0; path = MagicSound.app; sourceTree = BUILT_PRODUCTS_DIR; };
		0E76BBE914DACCBC001C62F9 /* UIKit.framework */ = {isa = PBXFileReference; lastKnownFileType = wrapper.framework; name = UIKit.framework; path = System/Library/Frameworks/UIKit.framework; sourceTree = SDKROOT; };
		0E76BBEB14DACCBC001C62F9 /* Foundation.framework */ = {isa = PBXFileReference; lastKnownFileType = wrapper.framework; name = Foundation.framework; path = System/Library/Frameworks/Foundation.framework; sourceTree = SDKROOT; };
		0E76BBED14DACCBC001C62F9 /* CoreGraphics.framework */ = {isa = PBXFileReference; lastKnownFileType = wrapper.framework; name = CoreGraphics.framework; path = System/Library/Frameworks/CoreGraphics.framework; sourceTree = SDKROOT; };
		0E76BBF114DACCBC001C62F9 /* MagicSound-Info.plist */ = {isa = PBXFileReference; path = "MagicSound-Info.plist"; sourceTree = "<group>"; };
		0E76BBF314DACCBC001C62F9 /* en */ = {isa = PBXFileReference; lastKnownFileType = text.plist.strings; name = en; path = en.lproj/InfoPlist.strings; sourceTree = "<group>"; };
		0E76BBF514DACCBC001C62F9 /* main.m */ = {isa = PBXFileReference; lastKnownFileType = sourcecode.c.objc; path = main.m; sourceTree = "<group>"; };
		0E76BBF714DACCBC001C62F9 /* MagicSound-Prefix.pch */ = {isa = PBXFileReference; path = "MagicSound-Prefix.pch"; sourceTree = "<group>"; };
		0E76BBF814DACCBC001C62F9 /* MagicSoundAppDelegate.h */ = {isa = PBXFileReference; path = MagicSoundAppDelegate.h; sourceTree = "<group>"; };
		0E76BBF914DACCBC001C62F9 /* MagicSoundAppDelegate.m */ = {isa = PBXFileReference; lastKnownFileType = sourcecode.c.objc; path = MagicSoundAppDelegate.m; sourceTree = "<group>"; };
		0E76BBFB14DACCBC001C62F9 /* MagicSoundViewController.h */ = {isa = PBXFileReference; path = MagicSoundViewController.h; sourceTree = "<group>"; };
		0E76BBFC14DACCBC001C62F9 /* MagicSoundViewController.m */ = {isa = PBXFileReference; lastKnownFileType = sourcecode.c.objc; path = MagicSoundViewController.m; sourceTree = "<group>"; };
		0E76BBFF14DACCBC001C62F9 /* en */ = {isa = PBXFileReference; lastKnownFileType = file.xib; name = en; path = en.lproj/MagicSoundViewController_iPhone.xib; sourceTree = "<group>"; };
		0E76BC0214DACCBC001C62F9 /* en */ = {isa = PBXFileReference; lastKnownFileType = file.xib; name = en; path = en.lproj/MagicSoundViewController_iPad.xib; sourceTree = "<group>"; };
/* End PBXFileReference section */

/* Begin PBXFrameworksBuildPhase section */
		0E76BBE214DACCBC001C62F9 /* Frameworks */ = {
			isa = PBXFrameworksBuildPhase;
			buildActionMask = 2147483647;
			files = (
				0E76BBEA14DACCBC001C62F9 /* UIKit.framework in Frameworks */,
				0E76BBEC14DACCBC001C62F9 /* Foundation.framework in Frameworks */,
				0E76BBEE14DACCBC001C62F9 /* CoreGraphics.framework in Frameworks */,
			);
			runOnlyForDeploymentPostprocessing = 0;
		};
/* End PBXFrameworksBuildPhase section */

/* Begin PBXGroup section */
		0E76BBDA14DACCBC001C62F9 = {
			isa = PBXGroup;
			children = (
				0E76BBEF14DACCBC001C62F9 /* MagicSound */,
				0E76BBE814DACCBC001C62F9 /* Frameworks */,
				0E76BBE614DACCBC001C62F9 /* Products */,
			);
			sourceTree = "<group>";
		};
		0E76BBE614DACCBC001C62F9 /* Products */ = {
			isa = PBXGroup;
			children = (
				0E76BBE514DACCBC001C62F9 /* MagicSound.app */,
			);
			name = Products;
			sourceTree = "<group>";
		};
		0E76BBE814DACCBC001C62F9 /* Frameworks */ = {
			isa = PBXGroup;
			children = (
				0E76BBE914DACCBC001C62F9 /* UIKit.framework */,
				0E76BBEB14DACCBC001C62F9 /* Foundation.framework */,
				0E76BBED14DACCBC001C62F9 /* CoreGraphics.framework */,
			);
			name = Frameworks;
			sourceTree = "<group>";
		};
		0E76BBEF14DACCBC001C62F9 /* MagicSound */ = {
			isa = PBXGroup;
			children = (
				0E76BBF814DACCBC001C62F9 /* MagicSoundAppDelegate.h */,
				0E76BBF914DACCBC001C62F9 /* MagicSoundAppDelegate.m */,
				0E76BBFB14DACCBC001C62F9 /* MagicSoundViewController.h */,
				0E76BBFC14DACCBC001C62F9 /* MagicSoundViewController.m */,
				0E76BBFE14DACCBC001C62F9 /* MagicSoundViewController_iPhone.xib */,
				0E76BC0114DACCBC001C62F9 /* MagicSoundViewController_iPad.xib */,
				0E76BBF014DACCBC001C62F9 /* Supporting Files */,
			);
			path = MagicSound;
			sourceTree = "<group>";
		};
		0E76BBF014DACCBC001C62F9 /* Supporting Files */ = {
			isa = PBXGroup;
			children = (
				0E76BBF114DACCBC001C62F9 /* MagicSound-Info.plist */,
				0E76BBF214DACCBC001C62F9 /* InfoPlist.strings */,
				0E76BBF514DACCBC001C62F9 /* main.m */,
				0E76BBF714DACCBC001C62F9 /* MagicSound-Prefix.pch */,
			);
			name = "Supporting Files";
			sourceTree = "<group>";
		};
/* End PBXGroup section */

/* Begin PBXNativeTarget section */
		0E76BBE414DACCBC001C62F9 /* MagicSound */ = {
			isa = PBXNativeTarget;
			buildConfigurationList = 0E76BC0614DACCBC001C62F9 /* Build configuration list for PBXNativeTarget "MagicSound" */;
			buildPhases = (
				0E76BBE114DACCBC001C62F9 /* Sources */,
				0E76BBE214DACCBC001C62F9 /* Frameworks */,
				0E76BBE314DACCBC001C62F9 /* Resources */,
			);
			buildRules = (
			);
			dependencies = (
			);
			name = MagicSound;
			productName = MagicSound;
			productReference = 0E76BBE514DACCBC001C62F9 /* MagicSound.app */;
			productType = "com.apple.product-type.application";
		};
/* End PBXNativeTarget section */

/* Begin PBXProject section */
		0E76BBDC14DACCBC001C62F9 /* Project object */ = {
			isa = PBXProject;
			attributes = {
				LastUpgradeCheck = 0420;
			};
			buildConfigurationList = 0E76BBDF14DACCBC001C62F9 /* Build configuration list for PBXProject "MagicSound" */;
			compatibilityVersion = "Xcode 3.2";
			developmentRegion = English;
			hasScannedForEncodings = 0;
			knownRegions = (
				en,
			);
			mainGroup = 0E76BBDA14DACCBC001C62F9;
			productRefGroup = 0E76BBE614DACCBC001C62F9 /* Products */;
			projectDirPath = "";
			projectRoot = "";
			targets = (
				0E76BBE414DACCBC001C62F9 /* MagicSound */,
			);
		};
/* End PBXProject section */

/* Begin PBXResourcesBuildPhase section */
		0E76BBE314DACCBC001C62F9 /* Resources */ = {
			isa = PBXResourcesBuildPhase;
			buildActionMask = 2147483647;
			files = (
				0E76BBF414DACCBC001C62F9 /* InfoPlist.strings in Resources */,
				0E76BC0014DACCBC001C62F9 /* MagicSoundViewController_iPhone.xib in Resources */,
				0E76BC0314DACCBC001C62F9 /* MagicSoundViewController_iPad.xib in Resources */,
			);
			runOnlyForDeploymentPostprocessing = 0;
		};
/* End PBXResourcesBuildPhase section */

/* Begin PBXSourcesBuildPhase section */
		0E76BBE114DACCBC001C62F9 /* Sources */ = {
			isa = PBXSourcesBuildPhase;
			buildActionMask = 2147483647;
			files = (
				0E76BBF614DACCBC001C62F9 /* main.m in Sources */,
				0E76BBFA14DACCBC001C62F9 /* MagicSoundAppDelegate.m in Sources */,
				0E76BBFD14DACCBC001C62F9 /* MagicSoundViewController.m in Sources */,
			);
			runOnlyForDeploymentPostprocessing = 0;
		};
/* End PBXSourcesBuildPhase section */

/* Begin PBXVariantGroup section */
		0E76BBF214DACCBC001C62F9 /* InfoPlist.strings */ = {
			isa = PBXVariantGroup;
			children = (
				0E76BBF314DACCBC001C62F9 /* en */,
			);
			name = InfoPlist.strings;
			sourceTree = "<group>";
		};
		0E76BBFE14DACCBC001C62F9 /* MagicSoundViewController_iPhone.xib */ = {
			isa = PBXVariantGroup;
			children = (
				0E76BBFF14DACCBC001C62F9 /* en */,
			);
			name = MagicSoundViewController_iPhone.xib;
			sourceTree = "<group>";
		};
		0E76BC0114DACCBC001C62F9 /* MagicSoundViewController_iPad.xib */ = {
			isa = PBXVariantGroup;
			children = (
				0E76BC0214DACCBC001C62F9 /* en */,
			);
			name = MagicSoundViewController_iPad.xib;
			sourceTree = "<group>";
		};
/* End PBXVariantGroup section */

/* Begin XCBuildConfiguration section */
		0E76BC0414DACCBC001C62F9 /* Debug */ = {
			isa = XCBuildConfiguration;
			buildSettings = {
				ALWAYS_SEARCH_USER_PATHS = NO;
				ARCHS = "$(ARCHS_STANDARD_32_BIT)";
				CLANG_ENABLE_OBJC_ARC = YES;
				"CODE_SIGN_IDENTITY[sdk=iphoneos*]" = "iPhone Developer";
				COPY_PHASE_STRIP = NO;
				GCC_C_LANGUAGE_STANDARD = gnu99;
				GCC_DYNAMIC_NO_PIC = NO;
				GCC_OPTIMIZATION_LEVEL = 0;
				GCC_PREPROCESSOR_DEFINITIONS = (
					"DEBUG=1",
					"$(inherited)",
				);
				GCC_SYMBOLS_PRIVATE_EXTERN = NO;
				GCC_VERSION = com.apple.compilers.llvm.clang.1_0;
				GCC_WARN_ABOUT_MISSING_PROTOTYPES = YES;
				GCC_WARN_ABOUT_RETURN_TYPE = YES;
				GCC_WARN_UNUSED_VARIABLE = YES;
				IPHONEOS_DEPLOYMENT_TARGET = 5.0;
				SDKROOT = iphoneos;
				TARGETED_DEVICE_FAMILY = "1,2";
			};
			name = Debug;
		};
		0E76BC0514DACCBC001C62F9 /* Release */ = {
			isa = XCBuildConfiguration;
			buildSettings = {
				ALWAYS_SEARCH_USER_PATHS = NO;
				ARCHS = "$(ARCHS_STANDARD_32_BIT)";
				CLANG_ENABLE_OBJC_ARC = YES;
				"CODE_SIGN_IDENTITY[sdk=iphoneos*]" = "iPhone Developer";
				COPY_PHASE_STRIP = YES;
				GCC_C_LANGUAGE_STANDARD = gnu99;
				GCC_VERSION = com.apple.compilers.llvm.clang.1_0;
				GCC_WARN_ABOUT_MISSING_PROTOTYPES = YES;
				GCC_WARN_ABOUT_RETURN_TYPE = YES;
				GCC_WARN_UNUSED_VARIABLE = YES;
				IPHONEOS_DEPLOYMENT_TARGET = 5.0;
				OTHER_CFLAGS = "-DNS_BLOCK_ASSERTIONS=1";
				SDKROOT = iphoneos;
				TARGETED_DEVICE_FAMILY = "1,2";
				VALIDATE_PRODUCT = YES;
			};
			name = Release;
		};
		0E76BC0714DACCBC001C62F9 /* Debug */ = {
			isa = XCBuildConfiguration;
			buildSettings = {
				GCC_PRECOMPILE_PREFIX_HEADER = YES;
				GCC_PREFIX_HEADER = "MagicSound/MagicSound-Prefix.pch";
				INFOPLIST_FILE = "MagicSound/MagicSound-Info.plist";
				PRODUCT_NAME = "$(TARGET_NAME)";
				WRAPPER_EXTENSION = app;
			};
			name = Debug;
		};
		0E76BC0814DACCBC001C62F9 /* Release */ = {
			isa = XCBuildConfiguration;
			buildSettings = {
				GCC_PRECOMPILE_PREFIX_HEADER = YES;
				GCC_PREFIX_HEADER = "MagicSound/MagicSound-Prefix.pch";
				INFOPLIST_FILE = "MagicSound/MagicSound-Info.plist";
				PRODUCT_NAME = "$(TARGET_NAME)";
				WRAPPER_EXTENSION = app;
			};
			name = Release;
		};
/* End XCBuildConfiguration section */

/* Begin XCConfigurationList section */
		0E76BBDF14DACCBC001C62F9 /* Build configuration list for PBXProject "MagicSound" */ = {
			isa = XCConfigurationList;
			buildConfigurations = (
				0E76BC0414DACCBC001C62F9 /* Debug */,
				0E76BC0514DACCBC001C62F9 /* Release */,
			);
			defaultConfigurationIsVisible = 0;
			defaultConfigurationName = Release;
		};
		0E76BC0614DACCBC001C62F9 /* Build configuration list for PBXNativeTarget "MagicSound" */ = {
			isa = XCConfigurationList;
			buildConfigurations = (
				0E76BC0714DACCBC001C62F9 /* Debug */,
				0E76BC0814DACCBC001C62F9 /* Release */,
			);
			defaultConfigurationIsVisible = 0;
		};
/* End XCConfigurationList section */
	};
	rootObject = 0E76BBDC14DACCBC001C62F9 /* Project object */;
}
